
Microsoft Visual Studio Solution File, Format Version 12.00
# Visual Studio Version 16
VisualStudioVersion = 16.0.30907.101
MinimumVisualStudioVersion = 10.0.40219.1
Project("{FAE04EC0-301F-11D3-BF4B-00C04F79EFBC}") = "Memory Game", "Memory Game\Memory Game.csproj", "{626AB4C5-3A4E-4D4D-A724-5E49F8233B65}"
EndProject
Global
	GlobalSection(SolutionConfigurationPlatforms) = preSolution
		Debug|Any CPU = Debug|Any CPU
		Release|Any CPU = Release|Any CPU
	EndGlobalSection
	GlobalSection(ProjectConfigurationPlatforms) = postSolution
		{626AB4C5-3A4E-4D4D-A724-5E49F8233B65}.Debug|Any CPU.ActiveCfg = Debug|Any CPU
		{626AB4C5-3A4E-4D4D-A724-5E49F8233B65}.Debug|Any CPU.Build.0 = Debug|Any CPU
		{626AB4C5-3A4E-4D4D-A724-5E49F8233B65}.Release|Any CPU.ActiveCfg = Release|Any CPU
		{626AB4C5-3A4E-4D4D-A724-5E49F8233B65}.Release|Any CPU.Build.0 = Release|Any CPU
	EndGlobalSection
	GlobalSection(SolutionProperties) = preSolution
		HideSolutionNode = FALSE
	EndGlobalSection
	GlobalSection(ExtensibilityGlobals) = postSolution
		SolutionGuid = {78C3A892-88D6-4ABF-8B90-5EEF88C64DD2}
	EndGlobalSection
EndGlobal
